
Microsoft Visual Studio Solution File, Format Version 12.00
Project("{FAE04EC0-301F-11D3-BF4B-00C04F79EFBC}") = "SportsStore", "SportsStore\SportsStore.csproj", "{5B9B66DC-D9DE-47D3-A7F2-DC7F1536FEEC}"
EndProject
Project("{FAE04EC0-301F-11D3-BF4B-00C04F79EFBC}") = "SportsStore.Tests", "SportsStore.Tests\SportsStore.Tests.csproj", "{E2AFFB43-4697-4B4C-A72C-D207FF79D2C2}"
EndProject
Global
	GlobalSection(SolutionConfigurationPlatforms) = preSolution
		Debug|Any CPU = Debug|Any CPU
		Release|Any CPU = Release|Any CPU
	EndGlobalSection
	GlobalSection(ProjectConfigurationPlatforms) = postSolution
		{5B9B66DC-D9DE-47D3-A7F2-DC7F1536FEEC}.Debug|Any CPU.ActiveCfg = Debug|Any CPU
		{5B9B66DC-D9DE-47D3-A7F2-DC7F1536FEEC}.Debug|Any CPU.Build.0 = Debug|Any CPU
		{5B9B66DC-D9DE-47D3-A7F2-DC7F1536FEEC}.Release|Any CPU.ActiveCfg = Release|Any CPU
		{5B9B66DC-D9DE-47D3-A7F2-DC7F1536FEEC}.Release|Any CPU.Build.0 = Release|Any CPU
		{E2AFFB43-4697-4B4C-A72C-D207FF79D2C2}.Debug|Any CPU.ActiveCfg = Debug|Any CPU
		{E2AFFB43-4697-4B4C-A72C-D207FF79D2C2}.Debug|Any CPU.Build.0 = Debug|Any CPU
		{E2AFFB43-4697-4B4C-A72C-D207FF79D2C2}.Release|Any CPU.ActiveCfg = Release|Any CPU
		{E2AFFB43-4697-4B4C-A72C-D207FF79D2C2}.Release|Any CPU.Build.0 = Release|Any CPU
	EndGlobalSection
EndGlobal
